
Microsoft Visual Studio Solution File, Format Version 12.00
# Visual Studio Version 16
VisualStudioVersion = 16.0.30128.74
MinimumVisualStudioVersion = 10.0.40219.1
Project("{FAE04EC0-301F-11D3-BF4B-00C04F79EFBC}") = "POO Ejercicio 2", "POO Ejercicio 2\POO Ejercicio 2.csproj", "{1046AC6B-BF8A-4605-AAAC-CE3F54AA35EB}"
EndProject
Global
	GlobalSection(SolutionConfigurationPlatforms) = preSolution
		Debug|Any CPU = Debug|Any CPU
		Release|Any CPU = Release|Any CPU
	EndGlobalSection
	GlobalSection(ProjectConfigurationPlatforms) = postSolution
		{1046AC6B-BF8A-4605-AAAC-CE3F54AA35EB}.Debug|Any CPU.ActiveCfg = Debug|Any CPU
		{1046AC6B-BF8A-4605-AAAC-CE3F54AA35EB}.Debug|Any CPU.Build.0 = Debug|Any CPU
		{1046AC6B-BF8A-4605-AAAC-CE3F54AA35EB}.Release|Any CPU.ActiveCfg = Release|Any CPU
		{1046AC6B-BF8A-4605-AAAC-CE3F54AA35EB}.Release|Any CPU.Build.0 = Release|Any CPU
	EndGlobalSection
	GlobalSection(SolutionProperties) = preSolution
		HideSolutionNode = FALSE
	EndGlobalSection
	GlobalSection(ExtensibilityGlobals) = postSolution
		SolutionGuid = {1BAFD2E8-5D57-49B0-BDD0-2A11B69C29DB}
	EndGlobalSection
EndGlobal
